
Microsoft Visual Studio Solution File, Format Version 12.00
# Visual Studio Version 16
VisualStudioVersion = 16.0.29503.13
MinimumVisualStudioVersion = 10.0.40219.1
Project("{FAE04EC0-301F-11D3-BF4B-00C04F79EFBC}") = "CertificateAuthentication", "CertificateAuthentication\CertificateAuthentication.csproj", "{0DEF47ED-B676-4623-9001-27576E0F2DCC}"
EndProject
Global
	GlobalSection(SolutionConfigurationPlatforms) = preSolution
		Debug|Any CPU = Debug|Any CPU
		Release|Any CPU = Release|Any CPU
	EndGlobalSection
	GlobalSection(ProjectConfigurationPlatforms) = postSolution
		{0DEF47ED-B676-4623-9001-27576E0F2DCC}.Debug|Any CPU.ActiveCfg = Debug|Any CPU
		{0DEF47ED-B676-4623-9001-27576E0F2DCC}.Debug|Any CPU.Build.0 = Debug|Any CPU
		{0DEF47ED-B676-4623-9001-27576E0F2DCC}.Release|Any CPU.ActiveCfg = Release|Any CPU
		{0DEF47ED-B676-4623-9001-27576E0F2DCC}.Release|Any CPU.Build.0 = Release|Any CPU
	EndGlobalSection
	GlobalSection(SolutionProperties) = preSolution
		HideSolutionNode = FALSE
	EndGlobalSection
	GlobalSection(ExtensibilityGlobals) = postSolution
		SolutionGuid = {AFFFA0E5-1A9B-4444-B3F7-0D99E71805CC}
	EndGlobalSection
EndGlobal
